// !$*UTF8*$!
{
	archiveVersion = 1;
	classes = {
	};
	objectVersion = 56;
	objects = {

/* Begin PBXBuildFile section */
		F9DE549B2CD3E5550068F512 /* App996App.swift in Sources */ = {isa = PBXBuildFile; fileRef = F9DE549A2CD3E5550068F512 /* App996App.swift */; };
		F9DE549D2CD3E5550068F512 /* ContentView.swift in Sources */ = {isa = PBXBuildFile; fileRef = F9DE549C2CD3E5550068F512 /* ContentView.swift */; };
		F9DE549F2CD3E5560068F512 /* Assets.xcassets in Resources */ = {isa = PBXBuildFile; fileRef = F9DE549E2CD3E5560068F512 /* Assets.xcassets */; };
		F9DE54A22CD3E5560068F512 /* Preview Assets.xcassets in Resources */ = {isa = PBXBuildFile; fileRef = F9DE54A12CD3E5560068F512 /* Preview Assets.xcassets */; };
		F9DE54A92CD3E5660068F512 /* Launch Screen.storyboard in Resources */ = {isa = PBXBuildFile; fileRef = F9DE54A82CD3E5660068F512 /* Launch Screen.storyboard */; };
		F9DE54AC2CD3E6210068F512 /* Loading.swift in Sources */ = {isa = PBXBuildFile; fileRef = F9DE54AB2CD3E6210068F512 /* Loading.swift */; };
		F9DE54B22CD3E6360068F512 /* Users_1.swift in Sources */ = {isa = PBXBuildFile; fileRef = F9DE54B12CD3E6360068F512 /* Users_1.swift */; };
		F9DE54B42CD3E6390068F512 /* Users_2.swift in Sources */ = {isa = PBXBuildFile; fileRef = F9DE54B32CD3E6390068F512 /* Users_2.swift */; };
		F9DE54B62CD3E63C0068F512 /* Users_3.swift in Sources */ = {isa = PBXBuildFile; fileRef = F9DE54B52CD3E63C0068F512 /* Users_3.swift */; };
		F9DE54B82CD3E6400068F512 /* Reviewers_1.swift in Sources */ = {isa = PBXBuildFile; fileRef = F9DE54B72CD3E6400068F512 /* Reviewers_1.swift */; };
		F9DE54BA2CD3E6440068F512 /* Reviewers_2.swift in Sources */ = {isa = PBXBuildFile; fileRef = F9DE54B92CD3E6440068F512 /* Reviewers_2.swift */; };
		F9DE54BC2CD3E6470068F512 /* Reviewers_3.swift in Sources */ = {isa = PBXBuildFile; fileRef = F9DE54BB2CD3E6470068F512 /* Reviewers_3.swift */; };
		F9DE54BE2CD3E7A20068F512 /* dffd.swift in Sources */ = {isa = PBXBuildFile; fileRef = F9DE54BD2CD3E7A20068F512 /* dffd.swift */; };
		F9DE54C02CD3E7A60068F512 /* sdsdd.swift in Sources */ = {isa = PBXBuildFile; fileRef = F9DE54BF2CD3E7A60068F512 /* sdsdd.swift */; };
		F9DE54C22CD3E7A90068F512 /* wfwfwf.swift in Sources */ = {isa = PBXBuildFile; fileRef = F9DE54C12CD3E7A90068F512 /* wfwfwf.swift */; };
/* End PBXBuildFile section */

/* Begin PBXFileReference section */
		F9DE54972CD3E5550068F512 /* App996.app */ = {isa = PBXFileReference; explicitFileType = wrapper.application; includeInIndex = 0; path = App996.app; sourceTree = BUILT_PRODUCTS_DIR; };
		F9DE549A2CD3E5550068F512 /* App996App.swift */ = {isa = PBXFileReference; lastKnownFileType = sourcecode.swift; path = App996App.swift; sourceTree = "<group>"; };
		F9DE549C2CD3E5550068F512 /* ContentView.swift */ = {isa = PBXFileReference; lastKnownFileType = sourcecode.swift; path = ContentView.swift; sourceTree = "<group>"; };
		F9DE549E2CD3E5560068F512 /* Assets.xcassets */ = {isa = PBXFileReference; lastKnownFileType = folder.assetcatalog; path = Assets.xcassets; sourceTree = "<group>"; };
		F9DE54A12CD3E5560068F512 /* Preview Assets.xcassets */ = {isa = PBXFileReference; lastKnownFileType = folder.assetcatalog; path = "Preview Assets.xcassets"; sourceTree = "<group>"; };
		F9DE54A82CD3E5660068F512 /* Launch Screen.storyboard */ = {isa = PBXFileReference; lastKnownFileType = file.storyboard; path = "Launch Screen.storyboard"; sourceTree = "<group>"; };
		F9DE54AB2CD3E6210068F512 /* Loading.swift */ = {isa = PBXFileReference; lastKnownFileType = sourcecode.swift; path = Loading.swift; sourceTree = "<group>"; };
		F9DE54B12CD3E6360068F512 /* Users_1.swift */ = {isa = PBXFileReference; lastKnownFileType = sourcecode.swift; path = Users_1.swift; sourceTree = "<group>"; };
		F9DE54B32CD3E6390068F512 /* Users_2.swift */ = {isa = PBXFileReference; lastKnownFileType = sourcecode.swift; path = Users_2.swift; sourceTree = "<group>"; };
		F9DE54B52CD3E63C0068F512 /* Users_3.swift */ = {isa = PBXFileReference; lastKnownFileType = sourcecode.swift; path = Users_3.swift; sourceTree = "<group>"; };
		F9DE54B72CD3E6400068F512 /* Reviewers_1.swift */ = {isa = PBXFileReference; lastKnownFileType = sourcecode.swift; path = Reviewers_1.swift; sourceTree = "<group>"; };
		F9DE54B92CD3E6440068F512 /* Reviewers_2.swift */ = {isa = PBXFileReference; lastKnownFileType = sourcecode.swift; path = Reviewers_2.swift; sourceTree = "<group>"; };
		F9DE54BB2CD3E6470068F512 /* Reviewers_3.swift */ = {isa = PBXFileReference; lastKnownFileType = sourcecode.swift; path = Reviewers_3.swift; sourceTree = "<group>"; };
		F9DE54BD2CD3E7A20068F512 /* dffd.swift */ = {isa = PBXFileReference; lastKnownFileType = sourcecode.swift; path = dffd.swift; sourceTree = "<group>"; };
		F9DE54BF2CD3E7A60068F512 /* sdsdd.swift */ = {isa = PBXFileReference; lastKnownFileType = sourcecode.swift; path = sdsdd.swift; sourceTree = "<group>"; };
		F9DE54C12CD3E7A90068F512 /* wfwfwf.swift */ = {isa = PBXFileReference; lastKnownFileType = sourcecode.swift; path = wfwfwf.swift; sourceTree = "<group>"; };
/* End PBXFileReference section */

/* Begin PBXFrameworksBuildPhase section */
		F9DE54942CD3E5550068F512 /* Frameworks */ = {
			isa = PBXFrameworksBuildPhase;
			buildActionMask = 2147483647;
			files = (
			);
			runOnlyForDeploymentPostprocessing = 0;
		};
/* End PBXFrameworksBuildPhase section */

/* Begin PBXGroup section */
		F9DE548E2CD3E5550068F512 = {
			isa = PBXGroup;
			children = (
				F9DE54992CD3E5550068F512 /* App996 */,
				F9DE54982CD3E5550068F512 /* Products */,
			);
			sourceTree = "<group>";
		};
		F9DE54982CD3E5550068F512 /* Products */ = {
			isa = PBXGroup;
			children = (
				F9DE54972CD3E5550068F512 /* App996.app */,
			);
			name = Products;
			sourceTree = "<group>";
		};
		F9DE54992CD3E5550068F512 /* App996 */ = {
			isa = PBXGroup;
			children = (
				F9DE549A2CD3E5550068F512 /* App996App.swift */,
				F9DE549C2CD3E5550068F512 /* ContentView.swift */,
				F9DE54AA2CD3E61B0068F512 /* Main */,
				F9DE54A82CD3E5660068F512 /* Launch Screen.storyboard */,
				F9DE549E2CD3E5560068F512 /* Assets.xcassets */,
				F9DE54A02CD3E5560068F512 /* Preview Content */,
			);
			path = App996;
			sourceTree = "<group>";
		};
		F9DE54A02CD3E5560068F512 /* Preview Content */ = {
			isa = PBXGroup;
			children = (
				F9DE54A12CD3E5560068F512 /* Preview Assets.xcassets */,
			);
			path = "Preview Content";
			sourceTree = "<group>";
		};
		F9DE54AA2CD3E61B0068F512 /* Main */ = {
			isa = PBXGroup;
			children = (
				F9DE54B02CD3E62F0068F512 /* Extensions */,
				F9DE54AB2CD3E6210068F512 /* Loading.swift */,
				F9DE54AD2CD3E6270068F512 /* Splash */,
			);
			path = Main;
			sourceTree = "<group>";
		};
		F9DE54AD2CD3E6270068F512 /* Splash */ = {
			isa = PBXGroup;
			children = (
				F9DE54AF2CD3E62D0068F512 /* Users */,
				F9DE54AE2CD3E6290068F512 /* Reviewers */,
			);
			path = Splash;
			sourceTree = "<group>";
		};
		F9DE54AE2CD3E6290068F512 /* Reviewers */ = {
			isa = PBXGroup;
			children = (
				F9DE54B72CD3E6400068F512 /* Reviewers_1.swift */,
				F9DE54B92CD3E6440068F512 /* Reviewers_2.swift */,
				F9DE54BB2CD3E6470068F512 /* Reviewers_3.swift */,
			);
			path = Reviewers;
			sourceTree = "<group>";
		};
		F9DE54AF2CD3E62D0068F512 /* Users */ = {
			isa = PBXGroup;
			children = (
				F9DE54B12CD3E6360068F512 /* Users_1.swift */,
				F9DE54B32CD3E6390068F512 /* Users_2.swift */,
				F9DE54B52CD3E63C0068F512 /* Users_3.swift */,
			);
			path = Users;
			sourceTree = "<group>";
		};
		F9DE54B02CD3E62F0068F512 /* Extensions */ = {
			isa = PBXGroup;
			children = (
				F9DE54BD2CD3E7A20068F512 /* dffd.swift */,
				F9DE54BF2CD3E7A60068F512 /* sdsdd.swift */,
				F9DE54C12CD3E7A90068F512 /* wfwfwf.swift */,
			);
			path = Extensions;
			sourceTree = "<group>";
		};
/* End PBXGroup section */

/* Begin PBXNativeTarget section */
		F9DE54962CD3E5550068F512 /* App996 */ = {
			isa = PBXNativeTarget;
			buildConfigurationList = F9DE54A52CD3E5560068F512 /* Build configuration list for PBXNativeTarget "App996" */;
			buildPhases = (
				F9DE54932CD3E5550068F512 /* Sources */,
				F9DE54942CD3E5550068F512 /* Frameworks */,
				F9DE54952CD3E5550068F512 /* Resources */,
			);
			buildRules = (
			);
			dependencies = (
			);
			name = App996;
			productName = App996;
			productReference = F9DE54972CD3E5550068F512 /* App996.app */;
			productType = "com.apple.product-type.application";
		};
/* End PBXNativeTarget section */

/* Begin PBXProject section */
		F9DE548F2CD3E5550068F512 /* Project object */ = {
			isa = PBXProject;
			attributes = {
				BuildIndependentTargetsInParallel = 1;
				LastSwiftUpdateCheck = 1540;
				LastUpgradeCheck = 1540;
				TargetAttributes = {
					F9DE54962CD3E5550068F512 = {
						CreatedOnToolsVersion = 15.4;
					};
				};
			};
			buildConfigurationList = F9DE54922CD3E5550068F512 /* Build configuration list for PBXProject "App996" */;
			compatibilityVersion = "Xcode 14.0";
			developmentRegion = en;
			hasScannedForEncodings = 0;
			knownRegions = (
				en,
				Base,
			);
			mainGroup = F9DE548E2CD3E5550068F512;
			productRefGroup = F9DE54982CD3E5550068F512 /* Products */;
			projectDirPath = "";
			projectRoot = "";
			targets = (
				F9DE54962CD3E5550068F512 /* App996 */,
			);
		};
/* End PBXProject section */

/* Begin PBXResourcesBuildPhase section */
		F9DE54952CD3E5550068F512 /* Resources */ = {
			isa = PBXResourcesBuildPhase;
			buildActionMask = 2147483647;
			files = (
				F9DE54A92CD3E5660068F512 /* Launch Screen.storyboard in Resources */,
				F9DE54A22CD3E5560068F512 /* Preview Assets.xcassets in Resources */,
				F9DE549F2CD3E5560068F512 /* Assets.xcassets in Resources */,
			);
			runOnlyForDeploymentPostprocessing = 0;
		};
/* End PBXResourcesBuildPhase section */

/* Begin PBXSourcesBuildPhase section */
		F9DE54932CD3E5550068F512 /* Sources */ = {
			isa = PBXSourcesBuildPhase;
			buildActionMask = 2147483647;
			files = (
				F9DE54C02CD3E7A60068F512 /* sdsdd.swift in Sources */,
				F9DE54B62CD3E63C0068F512 /* Users_3.swift in Sources */,
				F9DE54BA2CD3E6440068F512 /* Reviewers_2.swift in Sources */,
				F9DE54B42CD3E6390068F512 /* Users_2.swift in Sources */,
				F9DE549D2CD3E5550068F512 /* ContentView.swift in Sources */,
				F9DE54B82CD3E6400068F512 /* Reviewers_1.swift in Sources */,
				F9DE54C22CD3E7A90068F512 /* wfwfwf.swift in Sources */,
				F9DE54AC2CD3E6210068F512 /* Loading.swift in Sources */,
				F9DE54B22CD3E6360068F512 /* Users_1.swift in Sources */,
				F9DE54BE2CD3E7A20068F512 /* dffd.swift in Sources */,
				F9DE549B2CD3E5550068F512 /* App996App.swift in Sources */,
				F9DE54BC2CD3E6470068F512 /* Reviewers_3.swift in Sources */,
			);
			runOnlyForDeploymentPostprocessing = 0;
		};
/* End PBXSourcesBuildPhase section */

/* Begin XCBuildConfiguration section */
		F9DE54A32CD3E5560068F512 /* Debug */ = {
			isa = XCBuildConfiguration;
			buildSettings = {
				ALWAYS_SEARCH_USER_PATHS = NO;
				ASSETCATALOG_COMPILER_GENERATE_SWIFT_ASSET_SYMBOL_EXTENSIONS = YES;
				CLANG_ANALYZER_NONNULL = YES;
				CLANG_ANALYZER_NUMBER_OBJECT_CONVERSION = YES_AGGRESSIVE;
				CLANG_CXX_LANGUAGE_STANDARD = "gnu++20";
				CLANG_ENABLE_MODULES = YES;
				CLANG_ENABLE_OBJC_ARC = YES;
				CLANG_ENABLE_OBJC_WEAK = YES;
				CLANG_WARN_BLOCK_CAPTURE_AUTORELEASING = YES;
				CLANG_WARN_BOOL_CONVERSION = YES;
				CLANG_WARN_COMMA = YES;
				CLANG_WARN_CONSTANT_CONVERSION = YES;
				CLANG_WARN_DEPRECATED_OBJC_IMPLEMENTATIONS = YES;
				CLANG_WARN_DIRECT_OBJC_ISA_USAGE = YES_ERROR;
				CLANG_WARN_DOCUMENTATION_COMMENTS = YES;
				CLANG_WARN_EMPTY_BODY = YES;
				CLANG_WARN_ENUM_CONVERSION = YES;
				CLANG_WARN_INFINITE_RECURSION = YES;
				CLANG_WARN_INT_CONVERSION = YES;
				CLANG_WARN_NON_LITERAL_NULL_CONVERSION = YES;
				CLANG_WARN_OBJC_IMPLICIT_RETAIN_SELF = YES;
				CLANG_WARN_OBJC_LITERAL_CONVERSION = YES;
				CLANG_WARN_OBJC_ROOT_CLASS = YES_ERROR;
				CLANG_WARN_QUOTED_INCLUDE_IN_FRAMEWORK_HEADER = YES;
				CLANG_WARN_RANGE_LOOP_ANALYSIS = YES;
				CLANG_WARN_STRICT_PROTOTYPES = YES;
				CLANG_WARN_SUSPICIOUS_MOVE = YES;
				CLANG_WARN_UNGUARDED_AVAILABILITY = YES_AGGRESSIVE;
				CLANG_WARN_UNREACHABLE_CODE = YES;
				CLANG_WARN__DUPLICATE_METHOD_MATCH = YES;
				COPY_PHASE_STRIP = NO;
				DEBUG_INFORMATION_FORMAT = dwarf;
				ENABLE_STRICT_OBJC_MSGSEND = YES;
				ENABLE_TESTABILITY = YES;
				ENABLE_USER_SCRIPT_SANDBOXING = YES;
				GCC_C_LANGUAGE_STANDARD = gnu17;
				GCC_DYNAMIC_NO_PIC = NO;
				GCC_NO_COMMON_BLOCKS = YES;
				GCC_OPTIMIZATION_LEVEL = 0;
				GCC_PREPROCESSOR_DEFINITIONS = (
					"DEBUG=1",
					"$(inherited)",
				);
				GCC_WARN_64_TO_32_BIT_CONVERSION = YES;
				GCC_WARN_ABOUT_RETURN_TYPE = YES_ERROR;
				GCC_WARN_UNDECLARED_SELECTOR = YES;
				GCC_WARN_UNINITIALIZED_AUTOS = YES_AGGRESSIVE;
				GCC_WARN_UNUSED_FUNCTION = YES;
				GCC_WARN_UNUSED_VARIABLE = YES;
				IPHONEOS_DEPLOYMENT_TARGET = 14.0;
				LOCALIZATION_PREFERS_STRING_CATALOGS = YES;
				MTL_ENABLE_DEBUG_INFO = INCLUDE_SOURCE;
				MTL_FAST_MATH = YES;
				ONLY_ACTIVE_ARCH = YES;
				SDKROOT = iphoneos;
				SWIFT_ACTIVE_COMPILATION_CONDITIONS = "DEBUG $(inherited)";
				SWIFT_OPTIMIZATION_LEVEL = "-Onone";
			};
			name = Debug;
		};
		F9DE54A42CD3E5560068F512 /* Release */ = {
			isa = XCBuildConfiguration;
			buildSettings = {
				ALWAYS_SEARCH_USER_PATHS = NO;
				ASSETCATALOG_COMPILER_GENERATE_SWIFT_ASSET_SYMBOL_EXTENSIONS = YES;
				CLANG_ANALYZER_NONNULL = YES;
				CLANG_ANALYZER_NUMBER_OBJECT_CONVERSION = YES_AGGRESSIVE;
				CLANG_CXX_LANGUAGE_STANDARD = "gnu++20";
				CLANG_ENABLE_MODULES = YES;
				CLANG_ENABLE_OBJC_ARC = YES;
				CLANG_ENABLE_OBJC_WEAK = YES;
				CLANG_WARN_BLOCK_CAPTURE_AUTORELEASING = YES;
				CLANG_WARN_BOOL_CONVERSION = YES;
				CLANG_WARN_COMMA = YES;
				CLANG_WARN_CONSTANT_CONVERSION = YES;
				CLANG_WARN_DEPRECATED_OBJC_IMPLEMENTATIONS = YES;
				CLANG_WARN_DIRECT_OBJC_ISA_USAGE = YES_ERROR;
				CLANG_WARN_DOCUMENTATION_COMMENTS = YES;
				CLANG_WARN_EMPTY_BODY = YES;
				CLANG_WARN_ENUM_CONVERSION = YES;
				CLANG_WARN_INFINITE_RECURSION = YES;
				CLANG_WARN_INT_CONVERSION = YES;
				CLANG_WARN_NON_LITERAL_NULL_CONVERSION = YES;
				CLANG_WARN_OBJC_IMPLICIT_RETAIN_SELF = YES;
				CLANG_WARN_OBJC_LITERAL_CONVERSION = YES;
				CLANG_WARN_OBJC_ROOT_CLASS = YES_ERROR;
				CLANG_WARN_QUOTED_INCLUDE_IN_FRAMEWORK_HEADER = YES;
				CLANG_WARN_RANGE_LOOP_ANALYSIS = YES;
				CLANG_WARN_STRICT_PROTOTYPES = YES;
				CLANG_WARN_SUSPICIOUS_MOVE = YES;
				CLANG_WARN_UNGUARDED_AVAILABILITY = YES_AGGRESSIVE;
				CLANG_WARN_UNREACHABLE_CODE = YES;
				CLANG_WARN__DUPLICATE_METHOD_MATCH = YES;
				COPY_PHASE_STRIP = NO;
				DEBUG_INFORMATION_FORMAT = "dwarf-with-dsym";
				ENABLE_NS_ASSERTIONS = NO;
				ENABLE_STRICT_OBJC_MSGSEND = YES;
				ENABLE_USER_SCRIPT_SANDBOXING = YES;
				GCC_C_LANGUAGE_STANDARD = gnu17;
				GCC_NO_COMMON_BLOCKS = YES;
				GCC_WARN_64_TO_32_BIT_CONVERSION = YES;
				GCC_WARN_ABOUT_RETURN_TYPE = YES_ERROR;
				GCC_WARN_UNDECLARED_SELECTOR = YES;
				GCC_WARN_UNINITIALIZED_AUTOS = YES_AGGRESSIVE;
				GCC_WARN_UNUSED_FUNCTION = YES;
				GCC_WARN_UNUSED_VARIABLE = YES;
				IPHONEOS_DEPLOYMENT_TARGET = 14.0;
				LOCALIZATION_PREFERS_STRING_CATALOGS = YES;
				MTL_ENABLE_DEBUG_INFO = NO;
				MTL_FAST_MATH = YES;
				SDKROOT = iphoneos;
				SWIFT_COMPILATION_MODE = wholemodule;
				VALIDATE_PRODUCT = YES;
			};
			name = Release;
		};
		F9DE54A62CD3E5560068F512 /* Debug */ = {
			isa = XCBuildConfiguration;
			buildSettings = {
				ASSETCATALOG_COMPILER_APPICON_NAME = AppIcon;
				ASSETCATALOG_COMPILER_GLOBAL_ACCENT_COLOR_NAME = AccentColor;
				CODE_SIGN_STYLE = Automatic;
				CURRENT_PROJECT_VERSION = 2;
				DEVELOPMENT_ASSET_PATHS = "\"App996/Preview Content\"";
				ENABLE_PREVIEWS = YES;
				GENERATE_INFOPLIST_FILE = YES;
				INFOPLIST_KEY_CFBundleDisplayName = "Savi Clup";
				INFOPLIST_KEY_UIApplicationSceneManifest_Generation = YES;
				INFOPLIST_KEY_UIApplicationSupportsIndirectInputEvents = YES;
				INFOPLIST_KEY_UILaunchScreen_Generation = YES;
				INFOPLIST_KEY_UILaunchStoryboardName = "Launch Screen.storyboard";
				INFOPLIST_KEY_UISupportedInterfaceOrientations = UIInterfaceOrientationPortrait;
				INFOPLIST_KEY_UISupportedInterfaceOrientations_iPad = "UIInterfaceOrientationLandscapeLeft UIInterfaceOrientationLandscapeRight UIInterfaceOrientationPortrait UIInterfaceOrientationPortraitUpsideDown";
				IPHONEOS_DEPLOYMENT_TARGET = 14.0;
				LD_RUNPATH_SEARCH_PATHS = (
					"$(inherited)",
					"@executable_path/Frameworks",
				);
				MARKETING_VERSION = 1.0;
				PRODUCT_BUNDLE_IDENTIFIER = app.App996;
				PRODUCT_NAME = "$(TARGET_NAME)";
				SUPPORTED_PLATFORMS = "iphoneos iphonesimulator";
				SUPPORTS_MACCATALYST = NO;
				SUPPORTS_MAC_DESIGNED_FOR_IPHONE_IPAD = NO;
				SUPPORTS_XR_DESIGNED_FOR_IPHONE_IPAD = NO;
				SWIFT_EMIT_LOC_STRINGS = YES;
				SWIFT_VERSION = 5.0;
				TARGETED_DEVICE_FAMILY = 1;
			};
			name = Debug;
		};
		F9DE54A72CD3E5560068F512 /* Release */ = {
			isa = XCBuildConfiguration;
			buildSettings = {
				ASSETCATALOG_COMPILER_APPICON_NAME = AppIcon;
				ASSETCATALOG_COMPILER_GLOBAL_ACCENT_COLOR_NAME = AccentColor;
				CODE_SIGN_STYLE = Automatic;
				CURRENT_PROJECT_VERSION = 2;
				DEVELOPMENT_ASSET_PATHS = "\"App996/Preview Content\"";
				ENABLE_PREVIEWS = YES;
				GENERATE_INFOPLIST_FILE = YES;
				INFOPLIST_KEY_CFBundleDisplayName = "Savi Clup";
				INFOPLIST_KEY_UIApplicationSceneManifest_Generation = YES;
				INFOPLIST_KEY_UIApplicationSupportsIndirectInputEvents = YES;
				INFOPLIST_KEY_UILaunchScreen_Generation = YES;
				INFOPLIST_KEY_UILaunchStoryboardName = "Launch Screen.storyboard";
				INFOPLIST_KEY_UISupportedInterfaceOrientations = UIInterfaceOrientationPortrait;
				INFOPLIST_KEY_UISupportedInterfaceOrientations_iPad = "UIInterfaceOrientationLandscapeLeft UIInterfaceOrientationLandscapeRight UIInterfaceOrientationPortrait UIInterfaceOrientationPortraitUpsideDown";
				IPHONEOS_DEPLOYMENT_TARGET = 14.0;
				LD_RUNPATH_SEARCH_PATHS = (
					"$(inherited)",
					"@executable_path/Frameworks",
				);
				MARKETING_VERSION = 1.0;
				PRODUCT_BUNDLE_IDENTIFIER = app.App996;
				PRODUCT_NAME = "$(TARGET_NAME)";
				SUPPORTED_PLATFORMS = "iphoneos iphonesimulator";
				SUPPORTS_MACCATALYST = NO;
				SUPPORTS_MAC_DESIGNED_FOR_IPHONE_IPAD = NO;
				SUPPORTS_XR_DESIGNED_FOR_IPHONE_IPAD = NO;
				SWIFT_EMIT_LOC_STRINGS = YES;
				SWIFT_VERSION = 5.0;
				TARGETED_DEVICE_FAMILY = 1;
			};
			name = Release;
		};
/* End XCBuildConfiguration section */

/* Begin XCConfigurationList section */
		F9DE54922CD3E5550068F512 /* Build configuration list for PBXProject "App996" */ = {
			isa = XCConfigurationList;
			buildConfigurations = (
				F9DE54A32CD3E5560068F512 /* Debug */,
				F9DE54A42CD3E5560068F512 /* Release */,
			);
			defaultConfigurationIsVisible = 0;
			defaultConfigurationName = Release;
		};
		F9DE54A52CD3E5560068F512 /* Build configuration list for PBXNativeTarget "App996" */ = {
			isa = XCConfigurationList;
			buildConfigurations = (
				F9DE54A62CD3E5560068F512 /* Debug */,
				F9DE54A72CD3E5560068F512 /* Release */,
			);
			defaultConfigurationIsVisible = 0;
			defaultConfigurationName = Release;
		};
/* End XCConfigurationList section */
	};
	rootObject = F9DE548F2CD3E5550068F512 /* Project object */;
}
